// !$*UTF8*$!
{
	archiveVersion = 1;
	classes = {
	};
	objectVersion = 56;
	objects = {

/* Begin PBXBuildFile section */
		2F00ABA128FF906B00085771 /* DiffableCollectionViewController.swift in Sources */ = {isa = PBXBuildFile; fileRef = 2F00ABA028FF906B00085771 /* DiffableCollectionViewController.swift */; };
		2F00ABA42900D0C500085771 /* CObeservable.swift in Sources */ = {isa = PBXBuildFile; fileRef = 2F00ABA32900D0C500085771 /* CObeservable.swift */; };
		2F00ABA62900D14100085771 /* NewsViewController.swift in Sources */ = {isa = PBXBuildFile; fileRef = 2F00ABA52900D14100085771 /* NewsViewController.swift */; };
		2F00ABA82900D24E00085771 /* NewsViewModel.swift in Sources */ = {isa = PBXBuildFile; fileRef = 2F00ABA72900D24E00085771 /* NewsViewModel.swift */; };
		2F00ABAA2900D78300085771 /* News.swift in Sources */ = {isa = PBXBuildFile; fileRef = 2F00ABA92900D78300085771 /* News.swift */; };
		2F00ABAC2900ED6F00085771 /* DiffableViewModel.swift in Sources */ = {isa = PBXBuildFile; fileRef = 2F00ABAB2900ED6F00085771 /* DiffableViewModel.swift */; };
		2F00ABAE2900EDF300085771 /* APIService.swift in Sources */ = {isa = PBXBuildFile; fileRef = 2F00ABAD2900EDF300085771 /* APIService.swift */; };
		2F00ABB02900EE3900085771 /* APIKey.swift in Sources */ = {isa = PBXBuildFile; fileRef = 2F00ABAF2900EE3900085771 /* APIKey.swift */; };
		2F00ABB22900EF7500085771 /* SearchPhoto.swift in Sources */ = {isa = PBXBuildFile; fileRef = 2F00ABB12900EF7500085771 /* SearchPhoto.swift */; };
		2F00ABB52900F10800085771 /* Alamofire in Frameworks */ = {isa = PBXBuildFile; productRef = 2F00ABB42900F10800085771 /* Alamofire */; };
		2F00ABB82900F11500085771 /* Kingfisher in Frameworks */ = {isa = PBXBuildFile; productRef = 2F00ABB72900F11500085771 /* Kingfisher */; };
		2FD84328290622B00015AB90 /* RxCocoa in Frameworks */ = {isa = PBXBuildFile; productRef = 2FD84327290622B00015AB90 /* RxCocoa */; };
		2FD8432A290622B00015AB90 /* RxSwift in Frameworks */ = {isa = PBXBuildFile; productRef = 2FD84329290622B00015AB90 /* RxSwift */; };
		2FD8432C290625BC0015AB90 /* RxCocoaExampleViewController.swift in Sources */ = {isa = PBXBuildFile; fileRef = 2FD8432B290625BC0015AB90 /* RxCocoaExampleViewController.swift */; };
		2FD84330290661B20015AB90 /* RandomPhoto.swift in Sources */ = {isa = PBXBuildFile; fileRef = 2FD8432F290661B20015AB90 /* RandomPhoto.swift */; };
		2FD84332290665E00015AB90 /* RandomAPIService.swift in Sources */ = {isa = PBXBuildFile; fileRef = 2FD84331290665E00015AB90 /* RandomAPIService.swift */; };
		2FD84336290668380015AB90 /* DiffableRandomPhotoCollectionViewController.swift in Sources */ = {isa = PBXBuildFile; fileRef = 2FD84335290668380015AB90 /* DiffableRandomPhotoCollectionViewController.swift */; };
		2FD84338290672200015AB90 /* DiffableRandomPhotoViewModel.swift in Sources */ = {isa = PBXBuildFile; fileRef = 2FD84337290672200015AB90 /* DiffableRandomPhotoViewModel.swift */; };
		2FD8433C29069ED90015AB90 /* RxNumbersViewController.swift in Sources */ = {isa = PBXBuildFile; fileRef = 2FD8433B29069ED90015AB90 /* RxNumbersViewController.swift */; };
		2FD8433E29069F000015AB90 /* Rx.storyboard in Resources */ = {isa = PBXBuildFile; fileRef = 2FD8433D29069F000015AB90 /* Rx.storyboard */; };
		2FD843402906B7580015AB90 /* RxSimpleValidationViewController.swift in Sources */ = {isa = PBXBuildFile; fileRef = 2FD8433F2906B7580015AB90 /* RxSimpleValidationViewController.swift */; };
		2FF4946328FE2DB500FD6D9E /* AppDelegate.swift in Sources */ = {isa = PBXBuildFile; fileRef = 2FF4946228FE2DB500FD6D9E /* AppDelegate.swift */; };
		2FF4946528FE2DB500FD6D9E /* SceneDelegate.swift in Sources */ = {isa = PBXBuildFile; fileRef = 2FF4946428FE2DB500FD6D9E /* SceneDelegate.swift */; };
		2FF4946728FE2DB500FD6D9E /* SimpleTableViewController.swift in Sources */ = {isa = PBXBuildFile; fileRef = 2FF4946628FE2DB500FD6D9E /* SimpleTableViewController.swift */; };
		2FF4946A28FE2DB500FD6D9E /* Main.storyboard in Resources */ = {isa = PBXBuildFile; fileRef = 2FF4946828FE2DB500FD6D9E /* Main.storyboard */; };
		2FF4946C28FE2DB600FD6D9E /* Assets.xcassets in Resources */ = {isa = PBXBuildFile; fileRef = 2FF4946B28FE2DB600FD6D9E /* Assets.xcassets */; };
		2FF4946F28FE2DB600FD6D9E /* LaunchScreen.storyboard in Resources */ = {isa = PBXBuildFile; fileRef = 2FF4946D28FE2DB600FD6D9E /* LaunchScreen.storyboard */; };
		2FF4947728FE391000FD6D9E /* SimpleCollectionViewController.swift in Sources */ = {isa = PBXBuildFile; fileRef = 2FF4947628FE391000FD6D9E /* SimpleCollectionViewController.swift */; };
/* End PBXBuildFile section */

/* Begin PBXFileReference section */
		2F00ABA028FF906B00085771 /* DiffableCollectionViewController.swift */ = {isa = PBXFileReference; lastKnownFileType = sourcecode.swift; path = DiffableCollectionViewController.swift; sourceTree = "<group>"; };
		2F00ABA32900D0C500085771 /* CObeservable.swift */ = {isa = PBXFileReference; lastKnownFileType = sourcecode.swift; path = CObeservable.swift; sourceTree = "<group>"; };
		2F00ABA52900D14100085771 /* NewsViewController.swift */ = {isa = PBXFileReference; lastKnownFileType = sourcecode.swift; path = NewsViewController.swift; sourceTree = "<group>"; };
		2F00ABA72900D24E00085771 /* NewsViewModel.swift */ = {isa = PBXFileReference; lastKnownFileType = sourcecode.swift; path = NewsViewModel.swift; sourceTree = "<group>"; };
		2F00ABA92900D78300085771 /* News.swift */ = {isa = PBXFileReference; lastKnownFileType = sourcecode.swift; path = News.swift; sourceTree = "<group>"; };
		2F00ABAB2900ED6F00085771 /* DiffableViewModel.swift */ = {isa = PBXFileReference; lastKnownFileType = sourcecode.swift; path = DiffableViewModel.swift; sourceTree = "<group>"; };
		2F00ABAD2900EDF300085771 /* APIService.swift */ = {isa = PBXFileReference; lastKnownFileType = sourcecode.swift; path = APIService.swift; sourceTree = "<group>"; };
		2F00ABAF2900EE3900085771 /* APIKey.swift */ = {isa = PBXFileReference; lastKnownFileType = sourcecode.swift; path = APIKey.swift; sourceTree = "<group>"; };
		2F00ABB12900EF7500085771 /* SearchPhoto.swift */ = {isa = PBXFileReference; lastKnownFileType = sourcecode.swift; path = SearchPhoto.swift; sourceTree = "<group>"; };
		2FD8432B290625BC0015AB90 /* RxCocoaExampleViewController.swift */ = {isa = PBXFileReference; lastKnownFileType = sourcecode.swift; path = RxCocoaExampleViewController.swift; sourceTree = "<group>"; };
		2FD8432F290661B20015AB90 /* RandomPhoto.swift */ = {isa = PBXFileReference; lastKnownFileType = sourcecode.swift; path = RandomPhoto.swift; sourceTree = "<group>"; };
		2FD84331290665E00015AB90 /* RandomAPIService.swift */ = {isa = PBXFileReference; lastKnownFileType = sourcecode.swift; path = RandomAPIService.swift; sourceTree = "<group>"; };
		2FD84335290668380015AB90 /* DiffableRandomPhotoCollectionViewController.swift */ = {isa = PBXFileReference; lastKnownFileType = sourcecode.swift; path = DiffableRandomPhotoCollectionViewController.swift; sourceTree = "<group>"; };
		2FD84337290672200015AB90 /* DiffableRandomPhotoViewModel.swift */ = {isa = PBXFileReference; lastKnownFileType = sourcecode.swift; path = DiffableRandomPhotoViewModel.swift; sourceTree = "<group>"; };
		2FD8433B29069ED90015AB90 /* RxNumbersViewController.swift */ = {isa = PBXFileReference; lastKnownFileType = sourcecode.swift; path = RxNumbersViewController.swift; sourceTree = "<group>"; };
		2FD8433D29069F000015AB90 /* Rx.storyboard */ = {isa = PBXFileReference; lastKnownFileType = file.storyboard; path = Rx.storyboard; sourceTree = "<group>"; };
		2FD8433F2906B7580015AB90 /* RxSimpleValidationViewController.swift */ = {isa = PBXFileReference; lastKnownFileType = sourcecode.swift; path = RxSimpleValidationViewController.swift; sourceTree = "<group>"; };
		2FF4945F28FE2DB500FD6D9E /* SeSACWeek1617.app */ = {isa = PBXFileReference; explicitFileType = wrapper.application; includeInIndex = 0; path = SeSACWeek1617.app; sourceTree = BUILT_PRODUCTS_DIR; };
		2FF4946228FE2DB500FD6D9E /* AppDelegate.swift */ = {isa = PBXFileReference; lastKnownFileType = sourcecode.swift; path = AppDelegate.swift; sourceTree = "<group>"; };
		2FF4946428FE2DB500FD6D9E /* SceneDelegate.swift */ = {isa = PBXFileReference; lastKnownFileType = sourcecode.swift; path = SceneDelegate.swift; sourceTree = "<group>"; };
		2FF4946628FE2DB500FD6D9E /* SimpleTableViewController.swift */ = {isa = PBXFileReference; lastKnownFileType = sourcecode.swift; path = SimpleTableViewController.swift; sourceTree = "<group>"; };
		2FF4946928FE2DB500FD6D9E /* Base */ = {isa = PBXFileReference; lastKnownFileType = file.storyboard; name = Base; path = Base.lproj/Main.storyboard; sourceTree = "<group>"; };
		2FF4946B28FE2DB600FD6D9E /* Assets.xcassets */ = {isa = PBXFileReference; lastKnownFileType = folder.assetcatalog; path = Assets.xcassets; sourceTree = "<group>"; };
		2FF4946E28FE2DB600FD6D9E /* Base */ = {isa = PBXFileReference; lastKnownFileType = file.storyboard; name = Base; path = Base.lproj/LaunchScreen.storyboard; sourceTree = "<group>"; };
		2FF4947028FE2DB600FD6D9E /* Info.plist */ = {isa = PBXFileReference; lastKnownFileType = text.plist.xml; path = Info.plist; sourceTree = "<group>"; };
		2FF4947628FE391000FD6D9E /* SimpleCollectionViewController.swift */ = {isa = PBXFileReference; lastKnownFileType = sourcecode.swift; path = SimpleCollectionViewController.swift; sourceTree = "<group>"; };
/* End PBXFileReference section */

/* Begin PBXFrameworksBuildPhase section */
		2FF4945C28FE2DB500FD6D9E /* Frameworks */ = {
			isa = PBXFrameworksBuildPhase;
			buildActionMask = 2147483647;
			files = (
				2FD84328290622B00015AB90 /* RxCocoa in Frameworks */,
				2F00ABB82900F11500085771 /* Kingfisher in Frameworks */,
				2FD8432A290622B00015AB90 /* RxSwift in Frameworks */,
				2F00ABB52900F10800085771 /* Alamofire in Frameworks */,
			);
			runOnlyForDeploymentPostprocessing = 0;
		};
/* End PBXFrameworksBuildPhase section */

/* Begin PBXGroup section */
		2F00ABA22900CD8300085771 /* MVVMSample */ = {
			isa = PBXGroup;
			children = (
				2F00ABA32900D0C500085771 /* CObeservable.swift */,
				2F00ABA52900D14100085771 /* NewsViewController.swift */,
				2F00ABA72900D24E00085771 /* NewsViewModel.swift */,
				2FF4946228FE2DB500FD6D9E /* AppDelegate.swift */,
				2F00ABA92900D78300085771 /* News.swift */,
			);
			path = MVVMSample;
			sourceTree = "<group>";
		};
		2FD8432D290625C00015AB90 /* Rx */ = {
			isa = PBXGroup;
			children = (
				2FD8432B290625BC0015AB90 /* RxCocoaExampleViewController.swift */,
				2FD8433B29069ED90015AB90 /* RxNumbersViewController.swift */,
				2FD8433D29069F000015AB90 /* Rx.storyboard */,
				2FD8433F2906B7580015AB90 /* RxSimpleValidationViewController.swift */,
			);
			path = Rx;
			sourceTree = "<group>";
		};
		2FD8432E29065EC30015AB90 /* Unsplash + MVVM */ = {
			isa = PBXGroup;
			children = (
				2FD8432F290661B20015AB90 /* RandomPhoto.swift */,
				2FD84331290665E00015AB90 /* RandomAPIService.swift */,
				2FD84335290668380015AB90 /* DiffableRandomPhotoCollectionViewController.swift */,
				2FD84337290672200015AB90 /* DiffableRandomPhotoViewModel.swift */,
			);
			path = "Unsplash + MVVM";
			sourceTree = "<group>";
		};
		2FF4945628FE2DB500FD6D9E = {
			isa = PBXGroup;
			children = (
				2FF4946128FE2DB500FD6D9E /* SeSACWeek1617 */,
				2FF4946028FE2DB500FD6D9E /* Products */,
			);
			sourceTree = "<group>";
		};
		2FF4946028FE2DB500FD6D9E /* Products */ = {
			isa = PBXGroup;
			children = (
				2FF4945F28FE2DB500FD6D9E /* SeSACWeek1617.app */,
			);
			name = Products;
			sourceTree = "<group>";
		};
		2FF4946128FE2DB500FD6D9E /* SeSACWeek1617 */ = {
			isa = PBXGroup;
			children = (
				2FD8432E29065EC30015AB90 /* Unsplash + MVVM */,
				2FD8432D290625C00015AB90 /* Rx */,
				2F00ABA22900CD8300085771 /* MVVMSample */,
				2FF4946428FE2DB500FD6D9E /* SceneDelegate.swift */,
				2FF4946628FE2DB500FD6D9E /* SimpleTableViewController.swift */,
				2FF4946828FE2DB500FD6D9E /* Main.storyboard */,
				2FF4946B28FE2DB600FD6D9E /* Assets.xcassets */,
				2FF4946D28FE2DB600FD6D9E /* LaunchScreen.storyboard */,
				2FF4947028FE2DB600FD6D9E /* Info.plist */,
				2FF4947628FE391000FD6D9E /* SimpleCollectionViewController.swift */,
				2F00ABAB2900ED6F00085771 /* DiffableViewModel.swift */,
				2F00ABA028FF906B00085771 /* DiffableCollectionViewController.swift */,
				2F00ABAD2900EDF300085771 /* APIService.swift */,
				2F00ABAF2900EE3900085771 /* APIKey.swift */,
				2F00ABB12900EF7500085771 /* SearchPhoto.swift */,
			);
			path = SeSACWeek1617;
			sourceTree = "<group>";
		};
/* End PBXGroup section */

/* Begin PBXNativeTarget section */
		2FF4945E28FE2DB500FD6D9E /* SeSACWeek1617 */ = {
			isa = PBXNativeTarget;
			buildConfigurationList = 2FF4947328FE2DB600FD6D9E /* Build configuration list for PBXNativeTarget "SeSACWeek1617" */;
			buildPhases = (
				2FF4945B28FE2DB500FD6D9E /* Sources */,
				2FF4945C28FE2DB500FD6D9E /* Frameworks */,
				2FF4945D28FE2DB500FD6D9E /* Resources */,
			);
			buildRules = (
			);
			dependencies = (
			);
			name = SeSACWeek1617;
			packageProductDependencies = (
				2F00ABB42900F10800085771 /* Alamofire */,
				2F00ABB72900F11500085771 /* Kingfisher */,
				2FD84327290622B00015AB90 /* RxCocoa */,
				2FD84329290622B00015AB90 /* RxSwift */,
			);
			productName = SeSACWeek1617;
			productReference = 2FF4945F28FE2DB500FD6D9E /* SeSACWeek1617.app */;
			productType = "com.apple.product-type.application";
		};
/* End PBXNativeTarget section */

/* Begin PBXProject section */
		2FF4945728FE2DB500FD6D9E /* Project object */ = {
			isa = PBXProject;
			attributes = {
				BuildIndependentTargetsInParallel = 1;
				LastSwiftUpdateCheck = 1400;
				LastUpgradeCheck = 1400;
				TargetAttributes = {
					2FF4945E28FE2DB500FD6D9E = {
						CreatedOnToolsVersion = 14.0;
					};
				};
			};
			buildConfigurationList = 2FF4945A28FE2DB500FD6D9E /* Build configuration list for PBXProject "SeSACWeek1617" */;
			compatibilityVersion = "Xcode 14.0";
			developmentRegion = en;
			hasScannedForEncodings = 0;
			knownRegions = (
				en,
				Base,
			);
			mainGroup = 2FF4945628FE2DB500FD6D9E;
			packageReferences = (
				2F00ABB32900F10800085771 /* XCRemoteSwiftPackageReference "Alamofire" */,
				2F00ABB62900F11500085771 /* XCRemoteSwiftPackageReference "Kingfisher" */,
				2FD84326290622B00015AB90 /* XCRemoteSwiftPackageReference "RxSwift" */,
			);
			productRefGroup = 2FF4946028FE2DB500FD6D9E /* Products */;
			projectDirPath = "";
			projectRoot = "";
			targets = (
				2FF4945E28FE2DB500FD6D9E /* SeSACWeek1617 */,
			);
		};
/* End PBXProject section */

/* Begin PBXResourcesBuildPhase section */
		2FF4945D28FE2DB500FD6D9E /* Resources */ = {
			isa = PBXResourcesBuildPhase;
			buildActionMask = 2147483647;
			files = (
				2FF4946F28FE2DB600FD6D9E /* LaunchScreen.storyboard in Resources */,
				2FF4946C28FE2DB600FD6D9E /* Assets.xcassets in Resources */,
				2FD8433E29069F000015AB90 /* Rx.storyboard in Resources */,
				2FF4946A28FE2DB500FD6D9E /* Main.storyboard in Resources */,
			);
			runOnlyForDeploymentPostprocessing = 0;
		};
/* End PBXResourcesBuildPhase section */

/* Begin PBXSourcesBuildPhase section */
		2FF4945B28FE2DB500FD6D9E /* Sources */ = {
			isa = PBXSourcesBuildPhase;
			buildActionMask = 2147483647;
			files = (
				2F00ABA128FF906B00085771 /* DiffableCollectionViewController.swift in Sources */,
				2FF4947728FE391000FD6D9E /* SimpleCollectionViewController.swift in Sources */,
				2F00ABA62900D14100085771 /* NewsViewController.swift in Sources */,
				2F00ABAA2900D78300085771 /* News.swift in Sources */,
				2FD84336290668380015AB90 /* DiffableRandomPhotoCollectionViewController.swift in Sources */,
				2F00ABAE2900EDF300085771 /* APIService.swift in Sources */,
				2F00ABA42900D0C500085771 /* CObeservable.swift in Sources */,
				2FF4946728FE2DB500FD6D9E /* SimpleTableViewController.swift in Sources */,
				2FF4946328FE2DB500FD6D9E /* AppDelegate.swift in Sources */,
				2F00ABB22900EF7500085771 /* SearchPhoto.swift in Sources */,
				2FF4946528FE2DB500FD6D9E /* SceneDelegate.swift in Sources */,
				2F00ABA82900D24E00085771 /* NewsViewModel.swift in Sources */,
				2F00ABB02900EE3900085771 /* APIKey.swift in Sources */,
				2F00ABAC2900ED6F00085771 /* DiffableViewModel.swift in Sources */,
				2FD84332290665E00015AB90 /* RandomAPIService.swift in Sources */,
				2FD84330290661B20015AB90 /* RandomPhoto.swift in Sources */,
				2FD8433C29069ED90015AB90 /* RxNumbersViewController.swift in Sources */,
				2FD8432C290625BC0015AB90 /* RxCocoaExampleViewController.swift in Sources */,
				2FD84338290672200015AB90 /* DiffableRandomPhotoViewModel.swift in Sources */,
				2FD843402906B7580015AB90 /* RxSimpleValidationViewController.swift in Sources */,
			);
			runOnlyForDeploymentPostprocessing = 0;
		};
/* End PBXSourcesBuildPhase section */

/* Begin PBXVariantGroup section */
		2FF4946828FE2DB500FD6D9E /* Main.storyboard */ = {
			isa = PBXVariantGroup;
			children = (
				2FF4946928FE2DB500FD6D9E /* Base */,
			);
			name = Main.storyboard;
			sourceTree = "<group>";
		};
		2FF4946D28FE2DB600FD6D9E /* LaunchScreen.storyboard */ = {
			isa = PBXVariantGroup;
			children = (
				2FF4946E28FE2DB600FD6D9E /* Base */,
			);
			name = LaunchScreen.storyboard;
			sourceTree = "<group>";
		};
/* End PBXVariantGroup section */

/* Begin XCBuildConfiguration section */
		2FF4947128FE2DB600FD6D9E /* Debug */ = {
			isa = XCBuildConfiguration;
			buildSettings = {
				ALWAYS_SEARCH_USER_PATHS = NO;
				CLANG_ANALYZER_NONNULL = YES;
				CLANG_ANALYZER_NUMBER_OBJECT_CONVERSION = YES_AGGRESSIVE;
				CLANG_CXX_LANGUAGE_STANDARD = "gnu++20";
				CLANG_ENABLE_MODULES = YES;
				CLANG_ENABLE_OBJC_ARC = YES;
				CLANG_ENABLE_OBJC_WEAK = YES;
				CLANG_WARN_BLOCK_CAPTURE_AUTORELEASING = YES;
				CLANG_WARN_BOOL_CONVERSION = YES;
				CLANG_WARN_COMMA = YES;
				CLANG_WARN_CONSTANT_CONVERSION = YES;
				CLANG_WARN_DEPRECATED_OBJC_IMPLEMENTATIONS = YES;
				CLANG_WARN_DIRECT_OBJC_ISA_USAGE = YES_ERROR;
				CLANG_WARN_DOCUMENTATION_COMMENTS = YES;
				CLANG_WARN_EMPTY_BODY = YES;
				CLANG_WARN_ENUM_CONVERSION = YES;
				CLANG_WARN_INFINITE_RECURSION = YES;
				CLANG_WARN_INT_CONVERSION = YES;
				CLANG_WARN_NON_LITERAL_NULL_CONVERSION = YES;
				CLANG_WARN_OBJC_IMPLICIT_RETAIN_SELF = YES;
				CLANG_WARN_OBJC_LITERAL_CONVERSION = YES;
				CLANG_WARN_OBJC_ROOT_CLASS = YES_ERROR;
				CLANG_WARN_QUOTED_INCLUDE_IN_FRAMEWORK_HEADER = YES;
				CLANG_WARN_RANGE_LOOP_ANALYSIS = YES;
				CLANG_WARN_STRICT_PROTOTYPES = YES;
				CLANG_WARN_SUSPICIOUS_MOVE = YES;
				CLANG_WARN_UNGUARDED_AVAILABILITY = YES_AGGRESSIVE;
				CLANG_WARN_UNREACHABLE_CODE = YES;
				CLANG_WARN__DUPLICATE_METHOD_MATCH = YES;
				COPY_PHASE_STRIP = NO;
				DEBUG_INFORMATION_FORMAT = dwarf;
				ENABLE_STRICT_OBJC_MSGSEND = YES;
				ENABLE_TESTABILITY = YES;
				GCC_C_LANGUAGE_STANDARD = gnu11;
				GCC_DYNAMIC_NO_PIC = NO;
				GCC_NO_COMMON_BLOCKS = YES;
				GCC_OPTIMIZATION_LEVEL = 0;
				GCC_PREPROCESSOR_DEFINITIONS = (
					"DEBUG=1",
					"$(inherited)",
				);
				GCC_WARN_64_TO_32_BIT_CONVERSION = YES;
				GCC_WARN_ABOUT_RETURN_TYPE = YES_ERROR;
				GCC_WARN_UNDECLARED_SELECTOR = YES;
				GCC_WARN_UNINITIALIZED_AUTOS = YES_AGGRESSIVE;
				GCC_WARN_UNUSED_FUNCTION = YES;
				GCC_WARN_UNUSED_VARIABLE = YES;
				IPHONEOS_DEPLOYMENT_TARGET = 16.0;
				MTL_ENABLE_DEBUG_INFO = INCLUDE_SOURCE;
				MTL_FAST_MATH = YES;
				ONLY_ACTIVE_ARCH = YES;
				SDKROOT = iphoneos;
				SWIFT_ACTIVE_COMPILATION_CONDITIONS = DEBUG;
				SWIFT_OPTIMIZATION_LEVEL = "-Onone";
			};
			name = Debug;
		};
		2FF4947228FE2DB600FD6D9E /* Release */ = {
			isa = XCBuildConfiguration;
			buildSettings = {
				ALWAYS_SEARCH_USER_PATHS = NO;
				CLANG_ANALYZER_NONNULL = YES;
				CLANG_ANALYZER_NUMBER_OBJECT_CONVERSION = YES_AGGRESSIVE;
				CLANG_CXX_LANGUAGE_STANDARD = "gnu++20";
				CLANG_ENABLE_MODULES = YES;
				CLANG_ENABLE_OBJC_ARC = YES;
				CLANG_ENABLE_OBJC_WEAK = YES;
				CLANG_WARN_BLOCK_CAPTURE_AUTORELEASING = YES;
				CLANG_WARN_BOOL_CONVERSION = YES;
				CLANG_WARN_COMMA = YES;
				CLANG_WARN_CONSTANT_CONVERSION = YES;
				CLANG_WARN_DEPRECATED_OBJC_IMPLEMENTATIONS = YES;
				CLANG_WARN_DIRECT_OBJC_ISA_USAGE = YES_ERROR;
				CLANG_WARN_DOCUMENTATION_COMMENTS = YES;
				CLANG_WARN_EMPTY_BODY = YES;
				CLANG_WARN_ENUM_CONVERSION = YES;
				CLANG_WARN_INFINITE_RECURSION = YES;
				CLANG_WARN_INT_CONVERSION = YES;
				CLANG_WARN_NON_LITERAL_NULL_CONVERSION = YES;
				CLANG_WARN_OBJC_IMPLICIT_RETAIN_SELF = YES;
				CLANG_WARN_OBJC_LITERAL_CONVERSION = YES;
				CLANG_WARN_OBJC_ROOT_CLASS = YES_ERROR;
				CLANG_WARN_QUOTED_INCLUDE_IN_FRAMEWORK_HEADER = YES;
				CLANG_WARN_RANGE_LOOP_ANALYSIS = YES;
				CLANG_WARN_STRICT_PROTOTYPES = YES;
				CLANG_WARN_SUSPICIOUS_MOVE = YES;
				CLANG_WARN_UNGUARDED_AVAILABILITY = YES_AGGRESSIVE;
				CLANG_WARN_UNREACHABLE_CODE = YES;
				CLANG_WARN__DUPLICATE_METHOD_MATCH = YES;
				COPY_PHASE_STRIP = NO;
				DEBUG_INFORMATION_FORMAT = "dwarf-with-dsym";
				ENABLE_NS_ASSERTIONS = NO;
				ENABLE_STRICT_OBJC_MSGSEND = YES;
				GCC_C_LANGUAGE_STANDARD = gnu11;
				GCC_NO_COMMON_BLOCKS = YES;
				GCC_WARN_64_TO_32_BIT_CONVERSION = YES;
				GCC_WARN_ABOUT_RETURN_TYPE = YES_ERROR;
				GCC_WARN_UNDECLARED_SELECTOR = YES;
				GCC_WARN_UNINITIALIZED_AUTOS = YES_AGGRESSIVE;
				GCC_WARN_UNUSED_FUNCTION = YES;
				GCC_WARN_UNUSED_VARIABLE = YES;
				IPHONEOS_DEPLOYMENT_TARGET = 16.0;
				MTL_ENABLE_DEBUG_INFO = NO;
				MTL_FAST_MATH = YES;
				SDKROOT = iphoneos;
				SWIFT_COMPILATION_MODE = wholemodule;
				SWIFT_OPTIMIZATION_LEVEL = "-O";
				VALIDATE_PRODUCT = YES;
			};
			name = Release;
		};
		2FF4947428FE2DB600FD6D9E /* Debug */ = {
			isa = XCBuildConfiguration;
			buildSettings = {
				ASSETCATALOG_COMPILER_APPICON_NAME = AppIcon;
				ASSETCATALOG_COMPILER_GLOBAL_ACCENT_COLOR_NAME = AccentColor;
				CODE_SIGN_STYLE = Automatic;
				CURRENT_PROJECT_VERSION = 1;
				DEVELOPMENT_TEAM = LL4R66V6Y3;
				GENERATE_INFOPLIST_FILE = YES;
				INFOPLIST_FILE = SeSACWeek1617/Info.plist;
				INFOPLIST_KEY_UIApplicationSupportsIndirectInputEvents = YES;
				INFOPLIST_KEY_UILaunchStoryboardName = LaunchScreen;
				INFOPLIST_KEY_UIMainStoryboardFile = Rx;
				INFOPLIST_KEY_UISupportedInterfaceOrientations_iPad = "UIInterfaceOrientationPortrait UIInterfaceOrientationPortraitUpsideDown UIInterfaceOrientationLandscapeLeft UIInterfaceOrientationLandscapeRight";
				INFOPLIST_KEY_UISupportedInterfaceOrientations_iPhone = "UIInterfaceOrientationPortrait UIInterfaceOrientationLandscapeLeft UIInterfaceOrientationLandscapeRight";
				LD_RUNPATH_SEARCH_PATHS = (
					"$(inherited)",
					"@executable_path/Frameworks",
				);
				MARKETING_VERSION = 1.0;
				PRODUCT_BUNDLE_IDENTIFIER = cody.SeSACWeek1617;
				PRODUCT_NAME = "$(TARGET_NAME)";
				SWIFT_EMIT_LOC_STRINGS = YES;
				SWIFT_VERSION = 5.0;
				TARGETED_DEVICE_FAMILY = "1,2";
			};
			name = Debug;
		};
		2FF4947528FE2DB600FD6D9E /* Release */ = {
			isa = XCBuildConfiguration;
			buildSettings = {
				ASSETCATALOG_COMPILER_APPICON_NAME = AppIcon;
				ASSETCATALOG_COMPILER_GLOBAL_ACCENT_COLOR_NAME = AccentColor;
				CODE_SIGN_STYLE = Automatic;
				CURRENT_PROJECT_VERSION = 1;
				DEVELOPMENT_TEAM = LL4R66V6Y3;
				GENERATE_INFOPLIST_FILE = YES;
				INFOPLIST_FILE = SeSACWeek1617/Info.plist;
				INFOPLIST_KEY_UIApplicationSupportsIndirectInputEvents = YES;
				INFOPLIST_KEY_UILaunchStoryboardName = LaunchScreen;
				INFOPLIST_KEY_UIMainStoryboardFile = Rx;
				INFOPLIST_KEY_UISupportedInterfaceOrientations_iPad = "UIInterfaceOrientationPortrait UIInterfaceOrientationPortraitUpsideDown UIInterfaceOrientationLandscapeLeft UIInterfaceOrientationLandscapeRight";
				INFOPLIST_KEY_UISupportedInterfaceOrientations_iPhone = "UIInterfaceOrientationPortrait UIInterfaceOrientationLandscapeLeft UIInterfaceOrientationLandscapeRight";
				LD_RUNPATH_SEARCH_PATHS = (
					"$(inherited)",
					"@executable_path/Frameworks",
				);
				MARKETING_VERSION = 1.0;
				PRODUCT_BUNDLE_IDENTIFIER = cody.SeSACWeek1617;
				PRODUCT_NAME = "$(TARGET_NAME)";
				SWIFT_EMIT_LOC_STRINGS = YES;
				SWIFT_VERSION = 5.0;
				TARGETED_DEVICE_FAMILY = "1,2";
			};
			name = Release;
		};
/* End XCBuildConfiguration section */

/* Begin XCConfigurationList section */
		2FF4945A28FE2DB500FD6D9E /* Build configuration list for PBXProject "SeSACWeek1617" */ = {
			isa = XCConfigurationList;
			buildConfigurations = (
				2FF4947128FE2DB600FD6D9E /* Debug */,
				2FF4947228FE2DB600FD6D9E /* Release */,
			);
			defaultConfigurationIsVisible = 0;
			defaultConfigurationName = Release;
		};
		2FF4947328FE2DB600FD6D9E /* Build configuration list for PBXNativeTarget "SeSACWeek1617" */ = {
			isa = XCConfigurationList;
			buildConfigurations = (
				2FF4947428FE2DB600FD6D9E /* Debug */,
				2FF4947528FE2DB600FD6D9E /* Release */,
			);
			defaultConfigurationIsVisible = 0;
			defaultConfigurationName = Release;
		};
/* End XCConfigurationList section */

/* Begin XCRemoteSwiftPackageReference section */
		2F00ABB32900F10800085771 /* XCRemoteSwiftPackageReference "Alamofire" */ = {
			isa = XCRemoteSwiftPackageReference;
			repositoryURL = "https://github.com/Alamofire/Alamofire.git";
			requirement = {
				kind = upToNextMajorVersion;
				minimumVersion = 5.0.0;
			};
		};
		2F00ABB62900F11500085771 /* XCRemoteSwiftPackageReference "Kingfisher" */ = {
			isa = XCRemoteSwiftPackageReference;
			repositoryURL = "https://github.com/onevcat/Kingfisher.git";
			requirement = {
				kind = upToNextMajorVersion;
				minimumVersion = 7.0.0;
			};
		};
		2FD84326290622B00015AB90 /* XCRemoteSwiftPackageReference "RxSwift" */ = {
			isa = XCRemoteSwiftPackageReference;
			repositoryURL = "https://github.com/ReactiveX/RxSwift.git";
			requirement = {
				kind = upToNextMajorVersion;
				minimumVersion = 6.0.0;
			};
		};
/* End XCRemoteSwiftPackageReference section */

/* Begin XCSwiftPackageProductDependency section */
		2F00ABB42900F10800085771 /* Alamofire */ = {
			isa = XCSwiftPackageProductDependency;
			package = 2F00ABB32900F10800085771 /* XCRemoteSwiftPackageReference "Alamofire" */;
			productName = Alamofire;
		};
		2F00ABB72900F11500085771 /* Kingfisher */ = {
			isa = XCSwiftPackageProductDependency;
			package = 2F00ABB62900F11500085771 /* XCRemoteSwiftPackageReference "Kingfisher" */;
			productName = Kingfisher;
		};
		2FD84327290622B00015AB90 /* RxCocoa */ = {
			isa = XCSwiftPackageProductDependency;
			package = 2FD84326290622B00015AB90 /* XCRemoteSwiftPackageReference "RxSwift" */;
			productName = RxCocoa;
		};
		2FD84329290622B00015AB90 /* RxSwift */ = {
			isa = XCSwiftPackageProductDependency;
			package = 2FD84326290622B00015AB90 /* XCRemoteSwiftPackageReference "RxSwift" */;
			productName = RxSwift;
		};
/* End XCSwiftPackageProductDependency section */
	};
	rootObject = 2FF4945728FE2DB500FD6D9E /* Project object */;
}
